
Microsoft Visual Studio Solution File, Format Version 12.00
# Visual Studio for Mac
Project("{FAE04EC0-301F-11D3-BF4B-00C04F79EFBC}") = "Assembly-CSharp", "Assembly-CSharp.csproj", "{75E5E9E6-A3BE-B779-4053-5F7297EB8FB3}"
EndProject
Project("{FAE04EC0-301F-11D3-BF4B-00C04F79EFBC}") = "Assembly-CSharp-Editor", "Assembly-CSharp-Editor.csproj", "{5ECC57E8-51A7-E81E-FD37-FA832E1E32CF}"
EndProject
Project("{FAE04EC0-301F-11D3-BF4B-00C04F79EFBC}") = "Assembly-CSharp-Editor-firstpass", "Assembly-CSharp-Editor-firstpass.csproj", "{BE2655FC-A419-7B0C-A696-D7F986224AC2}"
EndProject
Global
	GlobalSection(SolutionConfigurationPlatforms) = preSolution
		Debug|Any CPU = Debug|Any CPU
		Release|Any CPU = Release|Any CPU
	EndGlobalSection
	GlobalSection(ProjectConfigurationPlatforms) = postSolution
		{75E5E9E6-A3BE-B779-4053-5F7297EB8FB3}.Debug|Any CPU.ActiveCfg = Debug|Any CPU
		{75E5E9E6-A3BE-B779-4053-5F7297EB8FB3}.Debug|Any CPU.Build.0 = Debug|Any CPU
		{75E5E9E6-A3BE-B779-4053-5F7297EB8FB3}.Release|Any CPU.ActiveCfg = Release|Any CPU
		{75E5E9E6-A3BE-B779-4053-5F7297EB8FB3}.Release|Any CPU.Build.0 = Release|Any CPU
		{5ECC57E8-51A7-E81E-FD37-FA832E1E32CF}.Debug|Any CPU.ActiveCfg = Debug|Any CPU
		{5ECC57E8-51A7-E81E-FD37-FA832E1E32CF}.Debug|Any CPU.Build.0 = Debug|Any CPU
		{5ECC57E8-51A7-E81E-FD37-FA832E1E32CF}.Release|Any CPU.ActiveCfg = Release|Any CPU
		{5ECC57E8-51A7-E81E-FD37-FA832E1E32CF}.Release|Any CPU.Build.0 = Release|Any CPU
		{BE2655FC-A419-7B0C-A696-D7F986224AC2}.Debug|Any CPU.ActiveCfg = Debug|Any CPU
		{BE2655FC-A419-7B0C-A696-D7F986224AC2}.Debug|Any CPU.Build.0 = Debug|Any CPU
		{BE2655FC-A419-7B0C-A696-D7F986224AC2}.Release|Any CPU.ActiveCfg = Release|Any CPU
		{BE2655FC-A419-7B0C-A696-D7F986224AC2}.Release|Any CPU.Build.0 = Release|Any CPU
	EndGlobalSection
	GlobalSection(SolutionProperties) = preSolution
		HideSolutionNode = FALSE
	EndGlobalSection
EndGlobal
